<?xml version="1.0" encoding="utf-8"?>
<Project ToolsVersion="4.0" xmlns="http://schemas.microsoft.com/developer/msbuild/2003">
  <ItemGroup>
    <Filter Include="Default">
      <UniqueIdentifier>{84b66cd4-89ae-4ebc-a438-f60fdfd6acdc}</UniqueIdentifier>
    </Filter>
    <Filter Include="01. Header">
      <UniqueIdentifier>{a60564cf-b3b0-4b22-802a-c28bf45d216a}</UniqueIdentifier>
    </Filter>
    <Filter Include="02. Engine">
      <UniqueIdentifier>{fa7f66d7-c049-48e5-b2b3-a3868f94ee7e}</UniqueIdentifier>
    </Filter>
    <Filter Include="03. Device">
      <UniqueIdentifier>{d576fd82-90a0-415c-ae4c-d5e8a3f93ddd}</UniqueIdentifier>
    </Filter>
    <Filter Include="HLSL">
      <UniqueIdentifier>{85db9c4c-fc97-4cc4-a7d6-d0e9871eb94a}</UniqueIdentifier>
    </Filter>
    <Filter Include="04. Manager">
      <UniqueIdentifier>{78d44c77-4eeb-4655-a892-7898e6e52e73}</UniqueIdentifier>
    </Filter>
    <Filter Include="Entity">
      <UniqueIdentifier>{6275d8b8-dddd-4e28-9225-4b6a42f38321}</UniqueIdentifier>
    </Filter>
    <Filter Include="05. GameObject">
      <UniqueIdentifier>{bc1dca4d-cc3b-4b0e-9f08-5866c7b017f2}</UniqueIdentifier>
    </Filter>
    <Filter Include="06. Component">
      <UniqueIdentifier>{8858c763-e4aa-47d2-9083-f96bf0f71526}</UniqueIdentifier>
    </Filter>
    <Filter Include="06. Component\01. Transform">
      <UniqueIdentifier>{3f128e1c-71bc-44b8-83f9-679b6d6edd8e}</UniqueIdentifier>
    </Filter>
    <Filter Include="07. Asset">
      <UniqueIdentifier>{ab45fc61-8bf4-425f-953e-ffa73755a94d}</UniqueIdentifier>
    </Filter>
    <Filter Include="04. Manager\02. Time">
      <UniqueIdentifier>{cfaee5a7-a9aa-4145-834c-a1b1ae3acc5d}</UniqueIdentifier>
    </Filter>
    <Filter Include="04. Manager\01. Path">
      <UniqueIdentifier>{78d873e1-99c9-4776-9310-77da033ee38e}</UniqueIdentifier>
    </Filter>
    <Filter Include="04. Manager\03. Asset">
      <UniqueIdentifier>{7d0f39e7-8ec1-425a-8386-97f81cb0d040}</UniqueIdentifier>
    </Filter>
    <Filter Include="04. Manager\04. Key">
      <UniqueIdentifier>{28164b6d-0783-46a1-a991-2c633a75bbc9}</UniqueIdentifier>
    </Filter>
    <Filter Include="07. Asset\01. Mesh">
      <UniqueIdentifier>{b1b8ae33-e9bb-418b-849e-43327d722df1}</UniqueIdentifier>
    </Filter>
    <Filter Include="03. Device\ConstantBuffer">
      <UniqueIdentifier>{c7e1daed-cbd9-4762-b79b-9af2712a7b30}</UniqueIdentifier>
    </Filter>
    <Filter Include="04. Manager\05. Level">
      <UniqueIdentifier>{fc6b259d-2737-479d-963c-97e29c700815}</UniqueIdentifier>
    </Filter>
    <Filter Include="08. Level">
      <UniqueIdentifier>{9c97cf33-7024-4b1d-a701-6a4c8135956c}</UniqueIdentifier>
    </Filter>
    <Filter Include="06. Component\03. Camera">
      <UniqueIdentifier>{721922d9-64c3-4c48-9783-c765bcea193a}</UniqueIdentifier>
    </Filter>
    <Filter Include="07. Asset\02. Shader">
      <UniqueIdentifier>{14f0f7c9-8181-4bab-a44e-c045480539df}</UniqueIdentifier>
    </Filter>
    <Filter Include="07. Asset\03. Texture">
      <UniqueIdentifier>{0697d872-283e-4980-b129-a40c988d149e}</UniqueIdentifier>
    </Filter>
    <Filter Include="04. Manager\06. Render">
      <UniqueIdentifier>{594aa77a-4b1a-43e5-889c-e671ea372c47}</UniqueIdentifier>
    </Filter>
    <Filter Include="06. Component\RenderComponent">
      <UniqueIdentifier>{67b034d8-e86b-4da8-b55f-016f7bdf2f53}</UniqueIdentifier>
    </Filter>
    <Filter Include="06. Component\RenderComponent\01. MeshRender">
      <UniqueIdentifier>{0dc04408-efb8-44f3-96f0-dec37ef5c5e3}</UniqueIdentifier>
    </Filter>
    <Filter Include="HLSL\02. 2DShader">
      <UniqueIdentifier>{0c4dab6c-5e58-4ad3-992e-8a4f4e9e0fd2}</UniqueIdentifier>
    </Filter>
    <Filter Include="07. Asset\04. Material">
      <UniqueIdentifier>{3c535c34-399c-43f6-8127-e379be049426}</UniqueIdentifier>
    </Filter>
    <Filter Include="06. Component\02. Collider">
      <UniqueIdentifier>{16eb3893-eac4-44e9-93ac-35ce9340c3c4}</UniqueIdentifier>
    </Filter>
    <Filter Include="04. Manager\07. Collision">
      <UniqueIdentifier>{de09c2ef-ee8e-45aa-b6b9-f0f224bb2720}</UniqueIdentifier>
    </Filter>
    <Filter Include="04. Manager\08. Task">
      <UniqueIdentifier>{47c247bc-4b20-4955-83d9-c1b326dfd95f}</UniqueIdentifier>
    </Filter>
    <Filter Include="07. Asset\05. Sprite">
      <UniqueIdentifier>{e1fe3a10-433e-4849-9675-81afaf2e7aca}</UniqueIdentifier>
    </Filter>
    <Filter Include="06. Component\RenderComponent\02. SpriteRender">
      <UniqueIdentifier>{e55a585c-af13-4eda-9da6-4f10863d400b}</UniqueIdentifier>
    </Filter>
    <Filter Include="06. Component\RenderComponent\04. TileRender">
      <UniqueIdentifier>{ad2558da-fe5c-4298-ab4d-439d2a4f6ae8}</UniqueIdentifier>
    </Filter>
    <Filter Include="07. Asset\06. Flipbook">
      <UniqueIdentifier>{e63ccbb8-0602-4330-a355-7b4c2f5b7b03}</UniqueIdentifier>
    </Filter>
    <Filter Include="03. Device\StructuredBuffer">
      <UniqueIdentifier>{78536763-9455-4b01-a938-bc44ea7659ef}</UniqueIdentifier>
    </Filter>
    <Filter Include="07. Asset\02. Shader\ComputeShader">
      <UniqueIdentifier>{ffb92c89-38b0-466a-9ead-06ff662c2fa8}</UniqueIdentifier>
    </Filter>
    <Filter Include="HLSL\03. Compute">
      <UniqueIdentifier>{1d6c6a34-50f4-43f9-a291-66d817391612}</UniqueIdentifier>
    </Filter>
    <Filter Include="06. Component\RenderComponent\03. FlipbookRender">
      <UniqueIdentifier>{2eb75d87-6985-44ad-8ebd-42318f0803d8}</UniqueIdentifier>
    </Filter>
    <Filter Include="07. Asset\02. Shader\GraphicShader">
      <UniqueIdentifier>{4ad0b3e7-c277-49e4-9af7-98e58f607c2b}</UniqueIdentifier>
    </Filter>
    <Filter Include="06. Component\RenderComponent\05. ParticleRender">
      <UniqueIdentifier>{4e59caa6-23af-4d87-9948-45e0b0643e1e}</UniqueIdentifier>
    </Filter>
    <Filter Include="HLSL\01. Header">
      <UniqueIdentifier>{6020b4c1-38e3-45ad-ba22-9b313d5e1fc5}</UniqueIdentifier>
    </Filter>
    <Filter Include="07. Asset\02. Shader\ComputeShader\01. SetColor">
      <UniqueIdentifier>{a7d47d81-2b1d-4497-a189-99e08a6bbf77}</UniqueIdentifier>
    </Filter>
    <Filter Include="07. Asset\02. Shader\ComputeShader\02. ParticleTick">
      <UniqueIdentifier>{1202d882-37df-42ee-8ceb-dcbf300b5799}</UniqueIdentifier>
    </Filter>
    <Filter Include="HLSL\03. Compute\ParticleTick">
      <UniqueIdentifier>{6ab3aa58-73aa-4fe7-baaa-e3bc5af6159f}</UniqueIdentifier>
    </Filter>
    <Filter Include="06. Component\04. Light2D">
      <UniqueIdentifier>{55bee197-40f3-4fc8-932b-e17acd730868}</UniqueIdentifier>
    </Filter>
    <Filter Include="07. Asset\07. Prefab">
      <UniqueIdentifier>{7c2200bf-ed33-4aec-92c2-9f895fd10940}</UniqueIdentifier>
    </Filter>
    <Filter Include="07. Asset\08. Sound">
      <UniqueIdentifier>{306cb690-1a39-4c09-9e28-af25f10c3e7b}</UniqueIdentifier>
    </Filter>
    <Filter Include="06. Component\05. RigidBody2D">
      <UniqueIdentifier>{db92eb56-f985-459a-a257-981a98fafe22}</UniqueIdentifier>
    </Filter>
    <Filter Include="07. Asset\09. TilePalette">
      <UniqueIdentifier>{58106a5a-a7c9-40b4-bf18-7c2a3626d8fc}</UniqueIdentifier>
    </Filter>
    <Filter Include="09. Script">
      <UniqueIdentifier>{61d32676-8211-46d9-9767-1ecaa94f99b7}</UniqueIdentifier>
    </Filter>
    <Filter Include="06. Component\02. Collider\Rigid">
      <UniqueIdentifier>{ed3ae374-82f2-4d6f-92c8-6d55e7963ef1}</UniqueIdentifier>
    </Filter>
    <Filter Include="06. Component\02. Collider\static">
      <UniqueIdentifier>{bb38a3bf-5cea-4545-97b3-87eb6bcd8e4f}</UniqueIdentifier>
    </Filter>
  </ItemGroup>
  <ItemGroup>
    <ClInclude Include="framework.h">
      <Filter>Default</Filter>
    </ClInclude>
    <ClInclude Include="pch.h">
      <Filter>Default</Filter>
    </ClInclude>
    <ClInclude Include="global.h">
      <Filter>01. Header</Filter>
    </ClInclude>
    <ClInclude Include="struct.h">
      <Filter>01. Header</Filter>
    </ClInclude>
    <ClInclude Include="enum.h">
      <Filter>01. Header</Filter>
    </ClInclude>
    <ClInclude Include="define.h">
      <Filter>01. Header</Filter>
    </ClInclude>
    <ClInclude Include="func.h">
      <Filter>01. Header</Filter>
    </ClInclude>
    <ClInclude Include="GEngine.h">
      <Filter>02. Engine</Filter>
    </ClInclude>
    <ClInclude Include="GSingleton.h">
      <Filter>01. Header</Filter>
    </ClInclude>
    <ClInclude Include="GDevice.h">
      <Filter>03. Device</Filter>
    </ClInclude>
    <ClInclude Include="GEntity.h">
      <Filter>Entity</Filter>
    </ClInclude>
    <ClInclude Include="GComponent.h">
      <Filter>06. Component</Filter>
    </ClInclude>
    <ClInclude Include="Ptr.h">
      <Filter>07. Asset</Filter>
    </ClInclude>
    <ClInclude Include="GShader.h">
      <Filter>07. Asset\02. Shader</Filter>
    </ClInclude>
    <ClInclude Include="GAsset.h">
      <Filter>07. Asset</Filter>
    </ClInclude>
    <ClInclude Include="assets.h">
      <Filter>01. Header</Filter>
    </ClInclude>
    <ClInclude Include="components.h">
      <Filter>01. Header</Filter>
    </ClInclude>
    <ClInclude Include="GTransform.h">
      <Filter>06. Component\01. Transform</Filter>
    </ClInclude>
    <ClInclude Include="GPathManager.h">
      <Filter>04. Manager\01. Path</Filter>
    </ClInclude>
    <ClInclude Include="GTimeManager.h">
      <Filter>04. Manager\02. Time</Filter>
    </ClInclude>
    <ClInclude Include="GAssetManager.h">
      <Filter>04. Manager\03. Asset</Filter>
    </ClInclude>
    <ClInclude Include="GKeyManager.h">
      <Filter>04. Manager\04. Key</Filter>
    </ClInclude>
    <ClInclude Include="GMesh.h">
      <Filter>07. Asset\01. Mesh</Filter>
    </ClInclude>
    <ClInclude Include="GScript.h">
      <Filter>09. Script</Filter>
    </ClInclude>
    <ClInclude Include="GMeshRender.h">
      <Filter>06. Component\RenderComponent\01. MeshRender</Filter>
    </ClInclude>
    <ClInclude Include="GConstBuffer.h">
      <Filter>03. Device\ConstantBuffer</Filter>
    </ClInclude>
    <ClInclude Include="GLevelManager.h">
      <Filter>04. Manager\05. Level</Filter>
    </ClInclude>
    <ClInclude Include="GLevel.h">
      <Filter>08. Level</Filter>
    </ClInclude>
    <ClInclude Include="GLayer.h">
      <Filter>08. Level</Filter>
    </ClInclude>
    <ClInclude Include="GCamera.h">
      <Filter>06. Component\03. Camera</Filter>
    </ClInclude>
    <ClInclude Include="SimpleMath.h">
      <Filter>01. Header</Filter>
    </ClInclude>
    <ClInclude Include="GTexture.h">
      <Filter>07. Asset\03. Texture</Filter>
    </ClInclude>
    <ClInclude Include="GRenderManager.h">
      <Filter>04. Manager\06. Render</Filter>
    </ClInclude>
    <ClInclude Include="GRenderComponent.h">
      <Filter>06. Component\RenderComponent</Filter>
    </ClInclude>
    <ClInclude Include="GMaterial.h">
      <Filter>07. Asset\04. Material</Filter>
    </ClInclude>
    <ClInclude Include="GCollider2D.h">
      <Filter>06. Component\02. Collider</Filter>
    </ClInclude>
    <ClInclude Include="GCollisionManager.h">
      <Filter>04. Manager\07. Collision</Filter>
    </ClInclude>
    <ClInclude Include="GTaskManager.h">
      <Filter>04. Manager\08. Task</Filter>
    </ClInclude>
    <ClInclude Include="GSprite.h">
      <Filter>07. Asset\05. Sprite</Filter>
    </ClInclude>
    <ClInclude Include="GTileRender.h">
      <Filter>06. Component\RenderComponent\04. TileRender</Filter>
    </ClInclude>
    <ClInclude Include="GSpriteRender.h">
      <Filter>06. Component\RenderComponent\02. SpriteRender</Filter>
    </ClInclude>
    <ClInclude Include="GFlipbook.h">
      <Filter>07. Asset\06. Flipbook</Filter>
    </ClInclude>
    <ClInclude Include="GStructuredBuffer.h">
      <Filter>03. Device\StructuredBuffer</Filter>
    </ClInclude>
    <ClInclude Include="GFlipbookRender.h">
      <Filter>06. Component\RenderComponent\03. FlipbookRender</Filter>
    </ClInclude>
    <ClInclude Include="GComputeShader.h">
      <Filter>07. Asset\02. Shader\ComputeShader</Filter>
    </ClInclude>
    <ClInclude Include="GGraphicShader.h">
      <Filter>07. Asset\02. Shader\GraphicShader</Filter>
    </ClInclude>
    <ClInclude Include="GParticleRender.h">
      <Filter>06. Component\RenderComponent\05. ParticleRender</Filter>
    </ClInclude>
    <ClInclude Include="GSetColorCS.h">
      <Filter>07. Asset\02. Shader\ComputeShader\01. SetColor</Filter>
    </ClInclude>
    <ClInclude Include="GParticleTickCS.h">
      <Filter>07. Asset\02. Shader\ComputeShader\02. ParticleTick</Filter>
    </ClInclude>
    <ClInclude Include="GGameObject.h">
      <Filter>05. GameObject</Filter>
    </ClInclude>
    <ClInclude Include="GLight2D.h">
      <Filter>06. Component\04. Light2D</Filter>
    </ClInclude>
    <ClInclude Include="GPrefab.h">
      <Filter>07. Asset\07. Prefab</Filter>
    </ClInclude>
    <ClInclude Include="GSound.h">
      <Filter>07. Asset\08. Sound</Filter>
    </ClInclude>
    <ClInclude Include="GRigidBody2D.h">
      <Filter>06. Component\05. RigidBody2D</Filter>
    </ClInclude>
    <ClInclude Include="GTilePalette.h">
      <Filter>07. Asset\09. TilePalette</Filter>
    </ClInclude>
  </ItemGroup>
  <ItemGroup>
    <ClCompile Include="Engine.cpp">
      <Filter>Default</Filter>
    </ClCompile>
    <ClCompile Include="pch.cpp">
      <Filter>Default</Filter>
    </ClCompile>
    <ClCompile Include="GEngine.cpp">
      <Filter>02. Engine</Filter>
    </ClCompile>
    <ClCompile Include="GDevice.cpp">
      <Filter>03. Device</Filter>
    </ClCompile>
    <ClCompile Include="GEntity.cpp">
      <Filter>Entity</Filter>
    </ClCompile>
    <ClCompile Include="GGameObject.cpp">
      <Filter>05. GameObject</Filter>
    </ClCompile>
    <ClCompile Include="GComponent.cpp">
      <Filter>06. Component</Filter>
    </ClCompile>
    <ClCompile Include="GShader.cpp">
      <Filter>07. Asset\02. Shader</Filter>
    </ClCompile>
    <ClCompile Include="GAsset.cpp">
      <Filter>07. Asset</Filter>
    </ClCompile>
    <ClCompile Include="GTransform.cpp">
      <Filter>06. Component\01. Transform</Filter>
    </ClCompile>
    <ClCompile Include="GPathManager.cpp">
      <Filter>04. Manager\01. Path</Filter>
    </ClCompile>
    <ClCompile Include="GTimeManager.cpp">
      <Filter>04. Manager\02. Time</Filter>
    </ClCompile>
    <ClCompile Include="GAssetManager.cpp">
      <Filter>04. Manager\03. Asset</Filter>
    </ClCompile>
    <ClCompile Include="GKeyManager.cpp">
      <Filter>04. Manager\04. Key</Filter>
    </ClCompile>
    <ClCompile Include="GMesh.cpp">
      <Filter>07. Asset\01. Mesh</Filter>
    </ClCompile>
    <ClCompile Include="GScript.cpp">
      <Filter>09. Script</Filter>
    </ClCompile>
    <ClCompile Include="GMeshRender.cpp">
      <Filter>06. Component\RenderComponent\01. MeshRender</Filter>
    </ClCompile>
    <ClCompile Include="GConstBuffer.cpp">
      <Filter>03. Device\ConstantBuffer</Filter>
    </ClCompile>
    <ClCompile Include="GLevelManager.cpp">
      <Filter>04. Manager\05. Level</Filter>
    </ClCompile>
    <ClCompile Include="GLevel.cpp">
      <Filter>08. Level</Filter>
    </ClCompile>
    <ClCompile Include="GLayer.cpp">
      <Filter>08. Level</Filter>
    </ClCompile>
    <ClCompile Include="GCamera.cpp">
      <Filter>06. Component\03. Camera</Filter>
    </ClCompile>
    <ClCompile Include="extern.cpp">
      <Filter>01. Header</Filter>
    </ClCompile>
    <ClCompile Include="GTexture.cpp">
      <Filter>07. Asset\03. Texture</Filter>
    </ClCompile>
    <ClCompile Include="GAssetManager_Init.cpp">
      <Filter>04. Manager\03. Asset</Filter>
    </ClCompile>
    <ClCompile Include="GRenderManager.cpp">
      <Filter>04. Manager\06. Render</Filter>
    </ClCompile>
    <ClCompile Include="GRenderComponent.cpp">
      <Filter>06. Component\RenderComponent</Filter>
    </ClCompile>
    <ClCompile Include="GMaterial.cpp">
      <Filter>07. Asset\04. Material</Filter>
    </ClCompile>
    <ClCompile Include="GRenderManager_Init.cpp">
      <Filter>04. Manager\06. Render</Filter>
    </ClCompile>
    <ClCompile Include="func.cpp">
      <Filter>01. Header</Filter>
    </ClCompile>
    <ClCompile Include="GCollider2D.cpp">
      <Filter>06. Component\02. Collider</Filter>
    </ClCompile>
    <ClCompile Include="GCollisionManager.cpp">
      <Filter>04. Manager\07. Collision</Filter>
    </ClCompile>
    <ClCompile Include="GTaskManager.cpp">
      <Filter>04. Manager\08. Task</Filter>
    </ClCompile>
    <ClCompile Include="GSprite.cpp">
      <Filter>07. Asset\05. Sprite</Filter>
    </ClCompile>
    <ClCompile Include="GTileRender.cpp">
      <Filter>06. Component\RenderComponent\04. TileRender</Filter>
    </ClCompile>
    <ClCompile Include="GSpriteRender.cpp">
      <Filter>06. Component\RenderComponent\02. SpriteRender</Filter>
    </ClCompile>
    <ClCompile Include="GFlipbook.cpp">
      <Filter>07. Asset\06. Flipbook</Filter>
    </ClCompile>
    <ClCompile Include="GStructuredBuffer.cpp">
      <Filter>03. Device\StructuredBuffer</Filter>
    </ClCompile>
    <ClCompile Include="GFlipbookRender.cpp">
      <Filter>06. Component\RenderComponent\03. FlipbookRender</Filter>
    </ClCompile>
    <ClCompile Include="GComputeShader.cpp">
      <Filter>07. Asset\02. Shader\ComputeShader</Filter>
    </ClCompile>
    <ClCompile Include="GGraphicShader.cpp">
      <Filter>07. Asset\02. Shader\GraphicShader</Filter>
    </ClCompile>
    <ClCompile Include="GParticleRender.cpp">
      <Filter>06. Component\RenderComponent\05. ParticleRender</Filter>
    </ClCompile>
    <ClCompile Include="GSetColorCS.cpp">
      <Filter>07. Asset\02. Shader\ComputeShader\01. SetColor</Filter>
    </ClCompile>
    <ClCompile Include="GParticleTickCS.cpp">
      <Filter>07. Asset\02. Shader\ComputeShader\02. ParticleTick</Filter>
    </ClCompile>
    <ClCompile Include="GLight2D.cpp">
      <Filter>06. Component\04. Light2D</Filter>
    </ClCompile>
    <ClCompile Include="GPrefab.cpp">
      <Filter>07. Asset\07. Prefab</Filter>
    </ClCompile>
    <ClCompile Include="GSound.cpp">
      <Filter>07. Asset\08. Sound</Filter>
    </ClCompile>
    <ClCompile Include="GRigidBody2D.cpp">
      <Filter>06. Component\05. RigidBody2D</Filter>
    </ClCompile>
    <ClCompile Include="GTilePalette.cpp">
      <Filter>07. Asset\09. TilePalette</Filter>
    </ClCompile>
    <ClCompile Include="GCollisionManager_Init.cpp">
      <Filter>04. Manager\07. Collision</Filter>
    </ClCompile>
  </ItemGroup>
  <ItemGroup>
    <FxCompile Include="std2d.fx">
      <Filter>HLSL\02. 2DShader</Filter>
    </FxCompile>
    <FxCompile Include="value.fx">
      <Filter>HLSL\01. Header</Filter>
    </FxCompile>
    <FxCompile Include="debug_shape.fx">
      <Filter>HLSL\02. 2DShader</Filter>
    </FxCompile>
    <FxCompile Include="sprite.fx">
      <Filter>HLSL\02. 2DShader</Filter>
    </FxCompile>
    <FxCompile Include="tilerender.fx">
      <Filter>HLSL\02. 2DShader</Filter>
    </FxCompile>
    <FxCompile Include="flipbook.fx">
      <Filter>HLSL\02. 2DShader</Filter>
    </FxCompile>
    <FxCompile Include="struct.fx">
      <Filter>HLSL\01. Header</Filter>
    </FxCompile>
    <FxCompile Include="particle_tick.fx">
      <Filter>HLSL\03. Compute\ParticleTick</Filter>
    </FxCompile>
    <FxCompile Include="SetColor.fx">
      <Filter>HLSL\03. Compute\ParticleTick</Filter>
    </FxCompile>
    <FxCompile Include="particle_func.fx">
      <Filter>HLSL\03. Compute\ParticleTick</Filter>
    </FxCompile>
    <FxCompile Include="func.fx">
      <Filter>HLSL\01. Header</Filter>
    </FxCompile>
    <FxCompile Include="postprocess.fx">
      <Filter>HLSL\02. 2DShader</Filter>
    </FxCompile>
    <FxCompile Include="particle.fx">
      <Filter>HLSL\02. 2DShader</Filter>
    </FxCompile>
  </ItemGroup>
  <ItemGroup>
    <None Include="SimpleMath.inl">
      <Filter>01. Header</Filter>
    </None>
  </ItemGroup>
</Project>